
Microsoft Visual Studio Solution File, Format Version 12.00
# Visual Studio Version 17
VisualStudioVersion = 17.5.002.0
MinimumVisualStudioVersion = 10.0.40219.1
Project("{9A19103F-16F7-4668-BE54-9A1E7A4F7556}") = "sampleapp", "sampleapp.csproj", "{89C19027-6E5A-4522-A549-DB524FAFE667}"
EndProject
Global
	GlobalSection(SolutionConfigurationPlatforms) = preSolution
		Debug|Any CPU = Debug|Any CPU
		Release|Any CPU = Release|Any CPU
	EndGlobalSection
	GlobalSection(ProjectConfigurationPlatforms) = postSolution
		{89C19027-6E5A-4522-A549-DB524FAFE667}.Debug|Any CPU.ActiveCfg = Debug|Any CPU
		{89C19027-6E5A-4522-A549-DB524FAFE667}.Debug|Any CPU.Build.0 = Debug|Any CPU
		{89C19027-6E5A-4522-A549-DB524FAFE667}.Release|Any CPU.ActiveCfg = Release|Any CPU
		{89C19027-6E5A-4522-A549-DB524FAFE667}.Release|Any CPU.Build.0 = Release|Any CPU
	EndGlobalSection
	GlobalSection(SolutionProperties) = preSolution
		HideSolutionNode = FALSE
	EndGlobalSection
	GlobalSection(ExtensibilityGlobals) = postSolution
		SolutionGuid = {A2301099-569B-467D-8CE2-1C7E226B9F99}
	EndGlobalSection
EndGlobal
